NeoBundleLock indentLine 4e4964d148f552bdec8c4271ed94d77eaa6c7543
NeoBundleLock molokai c67bdfcdb31415aa0ade7f8c003261700a885476
NeoBundleLock neobundle.vim 26d03781886ed887e390d4ad8b935987754b1c2c
NeoBundleLock neocomplete.vim 4be617947f3fcf2d725fab20b0e12f8b46c9e2f3
NeoBundleLock shabadou.vim 7d4bfed1ea8985ae125df3d1403cc19e252443e1
NeoBundleLock vim-elixir cfe5ee89f30b129046a9951eadb31e77934c98aa
NeoBundleLock vim-quickrun 4b493faaeb5322f11cadab52e39a53164baf9db7
NeoBundleLock vim-ref b45d10f6d0c82e3afd17774626e952fde03274a1
NeoBundleLock vim-watchdogs a6415c2d928af8c1aacdbce9b1ed8d315891eb03
NeoBundleLock vimproc.vim 2300224d366642f4f8d6f88861535d4ccbe20143
NeoBundleLock vivi.vim 0bf16a62987c515d25a3889e756aca31d9b03172
